
Microsoft Visual Studio Solution File, Format Version 12.00
# Visual Studio Version 17
VisualStudioVersion = 17.5.002.0
MinimumVisualStudioVersion = 10.0.40219.1
Project("{9A19103F-16F7-4668-BE54-9A1E7A4F7556}") = "Exercício15", "Exercício15.csproj", "{CA42E0F9-E3CC-415D-ACC0-E7E43C69DF36}"
EndProject
Global
	GlobalSection(SolutionConfigurationPlatforms) = preSolution
		Debug|Any CPU = Debug|Any CPU
		Release|Any CPU = Release|Any CPU
	EndGlobalSection
	GlobalSection(ProjectConfigurationPlatforms) = postSolution
		{CA42E0F9-E3CC-415D-ACC0-E7E43C69DF36}.Debug|Any CPU.ActiveCfg = Debug|Any CPU
		{CA42E0F9-E3CC-415D-ACC0-E7E43C69DF36}.Debug|Any CPU.Build.0 = Debug|Any CPU
		{CA42E0F9-E3CC-415D-ACC0-E7E43C69DF36}.Release|Any CPU.ActiveCfg = Release|Any CPU
		{CA42E0F9-E3CC-415D-ACC0-E7E43C69DF36}.Release|Any CPU.Build.0 = Release|Any CPU
	EndGlobalSection
	GlobalSection(SolutionProperties) = preSolution
		HideSolutionNode = FALSE
	EndGlobalSection
	GlobalSection(ExtensibilityGlobals) = postSolution
		SolutionGuid = {ED100683-EEC7-40EC-839F-648E244BB718}
	EndGlobalSection
EndGlobal
