
Microsoft Visual Studio Solution File, Format Version 12.00
# Visual Studio Version 17
VisualStudioVersion = 17.5.002.0
MinimumVisualStudioVersion = 10.0.40219.1
Project("{9A19103F-16F7-4668-BE54-9A1E7A4F7556}") = "Exercício14", "Exercício14.csproj", "{0FC80D12-3329-4680-9BE2-06756FD1C497}"
EndProject
Global
	GlobalSection(SolutionConfigurationPlatforms) = preSolution
		Debug|Any CPU = Debug|Any CPU
		Release|Any CPU = Release|Any CPU
	EndGlobalSection
	GlobalSection(ProjectConfigurationPlatforms) = postSolution
		{0FC80D12-3329-4680-9BE2-06756FD1C497}.Debug|Any CPU.ActiveCfg = Debug|Any CPU
		{0FC80D12-3329-4680-9BE2-06756FD1C497}.Debug|Any CPU.Build.0 = Debug|Any CPU
		{0FC80D12-3329-4680-9BE2-06756FD1C497}.Release|Any CPU.ActiveCfg = Release|Any CPU
		{0FC80D12-3329-4680-9BE2-06756FD1C497}.Release|Any CPU.Build.0 = Release|Any CPU
	EndGlobalSection
	GlobalSection(SolutionProperties) = preSolution
		HideSolutionNode = FALSE
	EndGlobalSection
	GlobalSection(ExtensibilityGlobals) = postSolution
		SolutionGuid = {F2F48083-C435-48CB-AF52-36C8CB2A456C}
	EndGlobalSection
EndGlobal
