
Microsoft Visual Studio Solution File, Format Version 12.00
# Visual Studio Version 17
VisualStudioVersion = 17.5.002.0
MinimumVisualStudioVersion = 10.0.40219.1
Project("{9A19103F-16F7-4668-BE54-9A1E7A4F7556}") = "Exercício23", "Exercício23.csproj", "{6AC92DC9-66D5-4A9F-949E-DB33AD55EA96}"
EndProject
Global
	GlobalSection(SolutionConfigurationPlatforms) = preSolution
		Debug|Any CPU = Debug|Any CPU
		Release|Any CPU = Release|Any CPU
	EndGlobalSection
	GlobalSection(ProjectConfigurationPlatforms) = postSolution
		{6AC92DC9-66D5-4A9F-949E-DB33AD55EA96}.Debug|Any CPU.ActiveCfg = Debug|Any CPU
		{6AC92DC9-66D5-4A9F-949E-DB33AD55EA96}.Debug|Any CPU.Build.0 = Debug|Any CPU
		{6AC92DC9-66D5-4A9F-949E-DB33AD55EA96}.Release|Any CPU.ActiveCfg = Release|Any CPU
		{6AC92DC9-66D5-4A9F-949E-DB33AD55EA96}.Release|Any CPU.Build.0 = Release|Any CPU
	EndGlobalSection
	GlobalSection(SolutionProperties) = preSolution
		HideSolutionNode = FALSE
	EndGlobalSection
	GlobalSection(ExtensibilityGlobals) = postSolution
		SolutionGuid = {69D93F21-2B3E-4196-A27F-680579D8DB12}
	EndGlobalSection
EndGlobal
